
Microsoft Visual Studio Solution File, Format Version 12.00
# Visual Studio Version 17
VisualStudioVersion = 17.5.002.0
MinimumVisualStudioVersion = 10.0.40219.1
Project("{9A19103F-16F7-4668-BE54-9A1E7A4F7556}") = "Bluetuith.Shim", "Bluetuith.Shim.csproj", "{1C24C061-0C5A-4DA0-9987-99F38556FFD3}"
EndProject
Project("{9A19103F-16F7-4668-BE54-9A1E7A4F7556}") = "MyPhone.OBEX", "..\..\Libraries\MyPhone.OBEX\MyPhone.OBEX.csproj", "{6FAFC111-F3CB-4B22-9569-CF5F329AF534}"
EndProject
Global
	GlobalSection(SolutionConfigurationPlatforms) = preSolution
		Debug|Any CPU = Debug|Any CPU
		Debug|ARM64 = Debug|ARM64
		Debug|x64 = Debug|x64
		Debug|x86 = Debug|x86
		Release|Any CPU = Release|Any CPU
		Release|ARM64 = Release|ARM64
		Release|x64 = Release|x64
		Release|x86 = Release|x86
	EndGlobalSection
	GlobalSection(ProjectConfigurationPlatforms) = postSolution
		{1C24C061-0C5A-4DA0-9987-99F38556FFD3}.Debug|Any CPU.ActiveCfg = Debug|Any CPU
		{1C24C061-0C5A-4DA0-9987-99F38556FFD3}.Debug|Any CPU.Build.0 = Debug|Any CPU
		{1C24C061-0C5A-4DA0-9987-99F38556FFD3}.Debug|ARM64.ActiveCfg = Debug|Any CPU
		{1C24C061-0C5A-4DA0-9987-99F38556FFD3}.Debug|ARM64.Build.0 = Debug|Any CPU
		{1C24C061-0C5A-4DA0-9987-99F38556FFD3}.Debug|x64.ActiveCfg = Debug|Any CPU
		{1C24C061-0C5A-4DA0-9987-99F38556FFD3}.Debug|x64.Build.0 = Debug|Any CPU
		{1C24C061-0C5A-4DA0-9987-99F38556FFD3}.Debug|x86.ActiveCfg = Debug|Any CPU
		{1C24C061-0C5A-4DA0-9987-99F38556FFD3}.Debug|x86.Build.0 = Debug|Any CPU
		{1C24C061-0C5A-4DA0-9987-99F38556FFD3}.Release|Any CPU.ActiveCfg = Release|Any CPU
		{1C24C061-0C5A-4DA0-9987-99F38556FFD3}.Release|Any CPU.Build.0 = Release|Any CPU
		{1C24C061-0C5A-4DA0-9987-99F38556FFD3}.Release|ARM64.ActiveCfg = Release|Any CPU
		{1C24C061-0C5A-4DA0-9987-99F38556FFD3}.Release|ARM64.Build.0 = Release|Any CPU
		{1C24C061-0C5A-4DA0-9987-99F38556FFD3}.Release|x64.ActiveCfg = Release|Any CPU
		{1C24C061-0C5A-4DA0-9987-99F38556FFD3}.Release|x64.Build.0 = Release|Any CPU
		{1C24C061-0C5A-4DA0-9987-99F38556FFD3}.Release|x86.ActiveCfg = Release|Any CPU
		{1C24C061-0C5A-4DA0-9987-99F38556FFD3}.Release|x86.Build.0 = Release|Any CPU
		{6FAFC111-F3CB-4B22-9569-CF5F329AF534}.Debug|Any CPU.ActiveCfg = Debug|Any CPU
		{6FAFC111-F3CB-4B22-9569-CF5F329AF534}.Debug|Any CPU.Build.0 = Debug|Any CPU
		{6FAFC111-F3CB-4B22-9569-CF5F329AF534}.Debug|ARM64.ActiveCfg = Debug|Any CPU
		{6FAFC111-F3CB-4B22-9569-CF5F329AF534}.Debug|ARM64.Build.0 = Debug|Any CPU
		{6FAFC111-F3CB-4B22-9569-CF5F329AF534}.Debug|x64.ActiveCfg = Debug|Any CPU
		{6FAFC111-F3CB-4B22-9569-CF5F329AF534}.Debug|x64.Build.0 = Debug|Any CPU
		{6FAFC111-F3CB-4B22-9569-CF5F329AF534}.Debug|x86.ActiveCfg = Debug|Any CPU
		{6FAFC111-F3CB-4B22-9569-CF5F329AF534}.Debug|x86.Build.0 = Debug|Any CPU
		{6FAFC111-F3CB-4B22-9569-CF5F329AF534}.Release|Any CPU.ActiveCfg = Release|Any CPU
		{6FAFC111-F3CB-4B22-9569-CF5F329AF534}.Release|Any CPU.Build.0 = Release|Any CPU
		{6FAFC111-F3CB-4B22-9569-CF5F329AF534}.Release|ARM64.ActiveCfg = Release|Any CPU
		{6FAFC111-F3CB-4B22-9569-CF5F329AF534}.Release|ARM64.Build.0 = Release|Any CPU
		{6FAFC111-F3CB-4B22-9569-CF5F329AF534}.Release|x64.ActiveCfg = Release|Any CPU
		{6FAFC111-F3CB-4B22-9569-CF5F329AF534}.Release|x64.Build.0 = Release|Any CPU
		{6FAFC111-F3CB-4B22-9569-CF5F329AF534}.Release|x86.ActiveCfg = Release|Any CPU
		{6FAFC111-F3CB-4B22-9569-CF5F329AF534}.Release|x86.Build.0 = Release|Any CPU
	EndGlobalSection
	GlobalSection(SolutionProperties) = preSolution
		HideSolutionNode = FALSE
	EndGlobalSection
	GlobalSection(ExtensibilityGlobals) = postSolution
		SolutionGuid = {153D7054-64E7-4ABF-BEB2-B1AFB2C99573}
	EndGlobalSection
EndGlobal
